
Microsoft Visual Studio Solution File, Format Version 12.00
# Visual Studio 15
VisualStudioVersion = 15.0.28307.168
MinimumVisualStudioVersion = 10.0.40219.1
Project("{FAE04EC0-301F-11D3-BF4B-00C04F79EFBC}") = "EngEval", "EngEval\EngEval.csproj", "{1A30BA41-67B9-4864-A4D3-081BE9DADC42}"
EndProject
Global
	GlobalSection(SolutionConfigurationPlatforms) = preSolution
		Debug|Any CPU = Debug|Any CPU
		Release|Any CPU = Release|Any CPU
	EndGlobalSection
	GlobalSection(ProjectConfigurationPlatforms) = postSolution
		{1A30BA41-67B9-4864-A4D3-081BE9DADC42}.Debug|Any CPU.ActiveCfg = Debug|Any CPU
		{1A30BA41-67B9-4864-A4D3-081BE9DADC42}.Debug|Any CPU.Build.0 = Debug|Any CPU
		{1A30BA41-67B9-4864-A4D3-081BE9DADC42}.Release|Any CPU.ActiveCfg = Release|Any CPU
		{1A30BA41-67B9-4864-A4D3-081BE9DADC42}.Release|Any CPU.Build.0 = Release|Any CPU
	EndGlobalSection
	GlobalSection(SolutionProperties) = preSolution
		HideSolutionNode = FALSE
	EndGlobalSection
	GlobalSection(ExtensibilityGlobals) = postSolution
		SolutionGuid = {6578BE32-964B-4FC3-B8C7-DC55825C0B42}
	EndGlobalSection
EndGlobal
